
Microsoft Visual Studio Solution File, Format Version 12.00
# Visual Studio 15
VisualStudioVersion = 15.0.28010.2041
MinimumVisualStudioVersion = 10.0.40219.1
Project("{FAE04EC0-301F-11D3-BF4B-00C04F79EFBC}") = "SFCC.Android", "SFCC\SFCC.Android\SFCC.Android.csproj", "{24CE3C36-16B9-426D-AA0C-5961ECF8D88C}"
EndProject
Project("{FAE04EC0-301F-11D3-BF4B-00C04F79EFBC}") = "SFCC.iOS", "SFCC\SFCC.iOS\SFCC.iOS.csproj", "{DD416D00-32B8-40C4-9F9F-9907E96C90F4}"
EndProject
Project("{FAE04EC0-301F-11D3-BF4B-00C04F79EFBC}") = "SFCC.UWP", "SFCC\SFCC.UWP\SFCC.UWP.csproj", "{5E9EC0FF-93A1-4F14-9447-4BF8FF0E7FC1}"
EndProject
Project("{FAE04EC0-301F-11D3-BF4B-00C04F79EFBC}") = "SFCC", "SFCC\SFCC\SFCC.csproj", "{CCDDC24B-E3D6-4EA4-BA9E-DE18A0D061D4}"
EndProject
Project("{FAE04EC0-301F-11D3-BF4B-00C04F79EFBC}") = "SFCC.Common", "SFCC.Common\SFCC.Common.csproj", "{AB3ED987-A7D9-4B50-983E-AD23EAAB2E9C}"
EndProject
Global
	GlobalSection(SolutionConfigurationPlatforms) = preSolution
		Debug|Any CPU = Debug|Any CPU
		Debug|ARM = Debug|ARM
		Debug|iPhone = Debug|iPhone
		Debug|iPhoneSimulator = Debug|iPhoneSimulator
		Debug|x64 = Debug|x64
		Debug|x86 = Debug|x86
		Release|Any CPU = Release|Any CPU
		Release|ARM = Release|ARM
		Release|iPhone = Release|iPhone
		Release|iPhoneSimulator = Release|iPhoneSimulator
		Release|x64 = Release|x64
		Release|x86 = Release|x86
	EndGlobalSection
	GlobalSection(ProjectConfigurationPlatforms) = postSolution
		{24CE3C36-16B9-426D-AA0C-5961ECF8D88C}.Debug|Any CPU.ActiveCfg = Debug|Any CPU
		{24CE3C36-16B9-426D-AA0C-5961ECF8D88C}.Debug|Any CPU.Build.0 = Debug|Any CPU
		{24CE3C36-16B9-426D-AA0C-5961ECF8D88C}.Debug|Any CPU.Deploy.0 = Debug|Any CPU
		{24CE3C36-16B9-426D-AA0C-5961ECF8D88C}.Debug|ARM.ActiveCfg = Debug|Any CPU
		{24CE3C36-16B9-426D-AA0C-5961ECF8D88C}.Debug|ARM.Build.0 = Debug|Any CPU
		{24CE3C36-16B9-426D-AA0C-5961ECF8D88C}.Debug|ARM.Deploy.0 = Debug|Any CPU
		{24CE3C36-16B9-426D-AA0C-5961ECF8D88C}.Debug|iPhone.ActiveCfg = Debug|Any CPU
		{24CE3C36-16B9-426D-AA0C-5961ECF8D88C}.Debug|iPhone.Build.0 = Debug|Any CPU
		{24CE3C36-16B9-426D-AA0C-5961ECF8D88C}.Debug|iPhone.Deploy.0 = Debug|Any CPU
		{24CE3C36-16B9-426D-AA0C-5961ECF8D88C}.Debug|iPhoneSimulator.ActiveCfg = Debug|Any CPU
		{24CE3C36-16B9-426D-AA0C-5961ECF8D88C}.Debug|iPhoneSimulator.Build.0 = Debug|Any CPU
		{24CE3C36-16B9-426D-AA0C-5961ECF8D88C}.Debug|iPhoneSimulator.Deploy.0 = Debug|Any CPU
		{24CE3C36-16B9-426D-AA0C-5961ECF8D88C}.Debug|x64.ActiveCfg = Debug|Any CPU
		{24CE3C36-16B9-426D-AA0C-5961ECF8D88C}.Debug|x64.Build.0 = Debug|Any CPU
		{24CE3C36-16B9-426D-AA0C-5961ECF8D88C}.Debug|x64.Deploy.0 = Debug|Any CPU
		{24CE3C36-16B9-426D-AA0C-5961ECF8D88C}.Debug|x86.ActiveCfg = Debug|Any CPU
		{24CE3C36-16B9-426D-AA0C-5961ECF8D88C}.Debug|x86.Build.0 = Debug|Any CPU
		{24CE3C36-16B9-426D-AA0C-5961ECF8D88C}.Debug|x86.Deploy.0 = Debug|Any CPU
		{24CE3C36-16B9-426D-AA0C-5961ECF8D88C}.Release|Any CPU.ActiveCfg = Release|Any CPU
		{24CE3C36-16B9-426D-AA0C-5961ECF8D88C}.Release|Any CPU.Build.0 = Release|Any CPU
		{24CE3C36-16B9-426D-AA0C-5961ECF8D88C}.Release|Any CPU.Deploy.0 = Release|Any CPU
		{24CE3C36-16B9-426D-AA0C-5961ECF8D88C}.Release|ARM.ActiveCfg = Release|Any CPU
		{24CE3C36-16B9-426D-AA0C-5961ECF8D88C}.Release|ARM.Build.0 = Release|Any CPU
		{24CE3C36-16B9-426D-AA0C-5961ECF8D88C}.Release|ARM.Deploy.0 = Release|Any CPU
		{24CE3C36-16B9-426D-AA0C-5961ECF8D88C}.Release|iPhone.ActiveCfg = Release|Any CPU
		{24CE3C36-16B9-426D-AA0C-5961ECF8D88C}.Release|iPhone.Build.0 = Release|Any CPU
		{24CE3C36-16B9-426D-AA0C-5961ECF8D88C}.Release|iPhone.Deploy.0 = Release|Any CPU
		{24CE3C36-16B9-426D-AA0C-5961ECF8D88C}.Release|iPhoneSimulator.ActiveCfg = Release|Any CPU
		{24CE3C36-16B9-426D-AA0C-5961ECF8D88C}.Release|iPhoneSimulator.Build.0 = Release|Any CPU
		{24CE3C36-16B9-426D-AA0C-5961ECF8D88C}.Release|iPhoneSimulator.Deploy.0 = Release|Any CPU
		{24CE3C36-16B9-426D-AA0C-5961ECF8D88C}.Release|x64.ActiveCfg = Release|Any CPU
		{24CE3C36-16B9-426D-AA0C-5961ECF8D88C}.Release|x64.Build.0 = Release|Any CPU
		{24CE3C36-16B9-426D-AA0C-5961ECF8D88C}.Release|x64.Deploy.0 = Release|Any CPU
		{24CE3C36-16B9-426D-AA0C-5961ECF8D88C}.Release|x86.ActiveCfg = Release|Any CPU
		{24CE3C36-16B9-426D-AA0C-5961ECF8D88C}.Release|x86.Build.0 = Release|Any CPU
		{24CE3C36-16B9-426D-AA0C-5961ECF8D88C}.Release|x86.Deploy.0 = Release|Any CPU
		{DD416D00-32B8-40C4-9F9F-9907E96C90F4}.Debug|Any CPU.ActiveCfg = Debug|iPhoneSimulator
		{DD416D00-32B8-40C4-9F9F-9907E96C90F4}.Debug|Any CPU.Build.0 = Debug|iPhoneSimulator
		{DD416D00-32B8-40C4-9F9F-9907E96C90F4}.Debug|Any CPU.Deploy.0 = Debug|iPhoneSimulator
		{DD416D00-32B8-40C4-9F9F-9907E96C90F4}.Debug|ARM.ActiveCfg = Debug|iPhone
		{DD416D00-32B8-40C4-9F9F-9907E96C90F4}.Debug|ARM.Build.0 = Debug|iPhone
		{DD416D00-32B8-40C4-9F9F-9907E96C90F4}.Debug|ARM.Deploy.0 = Debug|iPhone
		{DD416D00-32B8-40C4-9F9F-9907E96C90F4}.Debug|iPhone.ActiveCfg = Debug|iPhone
		{DD416D00-32B8-40C4-9F9F-9907E96C90F4}.Debug|iPhone.Build.0 = Debug|iPhone
		{DD416D00-32B8-40C4-9F9F-9907E96C90F4}.Debug|iPhone.Deploy.0 = Debug|iPhone
		{DD416D00-32B8-40C4-9F9F-9907E96C90F4}.Debug|iPhoneSimulator.ActiveCfg = Debug|iPhoneSimulator
		{DD416D00-32B8-40C4-9F9F-9907E96C90F4}.Debug|iPhoneSimulator.Build.0 = Debug|iPhoneSimulator
		{DD416D00-32B8-40C4-9F9F-9907E96C90F4}.Debug|iPhoneSimulator.Deploy.0 = Debug|iPhoneSimulator
		{DD416D00-32B8-40C4-9F9F-9907E96C90F4}.Debug|x64.ActiveCfg = Debug|iPhone
		{DD416D00-32B8-40C4-9F9F-9907E96C90F4}.Debug|x64.Build.0 = Debug|iPhone
		{DD416D00-32B8-40C4-9F9F-9907E96C90F4}.Debug|x64.Deploy.0 = Debug|iPhone
		{DD416D00-32B8-40C4-9F9F-9907E96C90F4}.Debug|x86.ActiveCfg = Debug|iPhone
		{DD416D00-32B8-40C4-9F9F-9907E96C90F4}.Debug|x86.Build.0 = Debug|iPhone
		{DD416D00-32B8-40C4-9F9F-9907E96C90F4}.Debug|x86.Deploy.0 = Debug|iPhone
		{DD416D00-32B8-40C4-9F9F-9907E96C90F4}.Release|Any CPU.ActiveCfg = Release|iPhone
		{DD416D00-32B8-40C4-9F9F-9907E96C90F4}.Release|Any CPU.Build.0 = Release|iPhone
		{DD416D00-32B8-40C4-9F9F-9907E96C90F4}.Release|Any CPU.Deploy.0 = Release|iPhone
		{DD416D00-32B8-40C4-9F9F-9907E96C90F4}.Release|ARM.ActiveCfg = Release|iPhone
		{DD416D00-32B8-40C4-9F9F-9907E96C90F4}.Release|ARM.Build.0 = Release|iPhone
		{DD416D00-32B8-40C4-9F9F-9907E96C90F4}.Release|ARM.Deploy.0 = Release|iPhone
		{DD416D00-32B8-40C4-9F9F-9907E96C90F4}.Release|iPhone.ActiveCfg = Release|iPhone
		{DD416D00-32B8-40C4-9F9F-9907E96C90F4}.Release|iPhone.Build.0 = Release|iPhone
		{DD416D00-32B8-40C4-9F9F-9907E96C90F4}.Release|iPhone.Deploy.0 = Release|iPhone
		{DD416D00-32B8-40C4-9F9F-9907E96C90F4}.Release|iPhoneSimulator.ActiveCfg = Release|iPhoneSimulator
		{DD416D00-32B8-40C4-9F9F-9907E96C90F4}.Release|iPhoneSimulator.Build.0 = Release|iPhoneSimulator
		{DD416D00-32B8-40C4-9F9F-9907E96C90F4}.Release|iPhoneSimulator.Deploy.0 = Release|iPhoneSimulator
		{DD416D00-32B8-40C4-9F9F-9907E96C90F4}.Release|x64.ActiveCfg = Release|iPhone
		{DD416D00-32B8-40C4-9F9F-9907E96C90F4}.Release|x64.Build.0 = Release|iPhone
		{DD416D00-32B8-40C4-9F9F-9907E96C90F4}.Release|x64.Deploy.0 = Release|iPhone
		{DD416D00-32B8-40C4-9F9F-9907E96C90F4}.Release|x86.ActiveCfg = Release|iPhone
		{DD416D00-32B8-40C4-9F9F-9907E96C90F4}.Release|x86.Build.0 = Release|iPhone
		{DD416D00-32B8-40C4-9F9F-9907E96C90F4}.Release|x86.Deploy.0 = Release|iPhone
		{5E9EC0FF-93A1-4F14-9447-4BF8FF0E7FC1}.Debug|Any CPU.ActiveCfg = Debug|x86
		{5E9EC0FF-93A1-4F14-9447-4BF8FF0E7FC1}.Debug|Any CPU.Build.0 = Debug|x86
		{5E9EC0FF-93A1-4F14-9447-4BF8FF0E7FC1}.Debug|Any CPU.Deploy.0 = Debug|x86
		{5E9EC0FF-93A1-4F14-9447-4BF8FF0E7FC1}.Debug|ARM.ActiveCfg = Debug|ARM
		{5E9EC0FF-93A1-4F14-9447-4BF8FF0E7FC1}.Debug|ARM.Build.0 = Debug|ARM
		{5E9EC0FF-93A1-4F14-9447-4BF8FF0E7FC1}.Debug|ARM.Deploy.0 = Debug|ARM
		{5E9EC0FF-93A1-4F14-9447-4BF8FF0E7FC1}.Debug|iPhone.ActiveCfg = Debug|x86
		{5E9EC0FF-93A1-4F14-9447-4BF8FF0E7FC1}.Debug|iPhone.Build.0 = Debug|x86
		{5E9EC0FF-93A1-4F14-9447-4BF8FF0E7FC1}.Debug|iPhone.Deploy.0 = Debug|x86
		{5E9EC0FF-93A1-4F14-9447-4BF8FF0E7FC1}.Debug|iPhoneSimulator.ActiveCfg = Debug|x86
		{5E9EC0FF-93A1-4F14-9447-4BF8FF0E7FC1}.Debug|iPhoneSimulator.Build.0 = Debug|x86
		{5E9EC0FF-93A1-4F14-9447-4BF8FF0E7FC1}.Debug|iPhoneSimulator.Deploy.0 = Debug|x86
		{5E9EC0FF-93A1-4F14-9447-4BF8FF0E7FC1}.Debug|x64.ActiveCfg = Debug|x64
		{5E9EC0FF-93A1-4F14-9447-4BF8FF0E7FC1}.Debug|x64.Build.0 = Debug|x64
		{5E9EC0FF-93A1-4F14-9447-4BF8FF0E7FC1}.Debug|x64.Deploy.0 = Debug|x64
		{5E9EC0FF-93A1-4F14-9447-4BF8FF0E7FC1}.Debug|x86.ActiveCfg = Debug|x86
		{5E9EC0FF-93A1-4F14-9447-4BF8FF0E7FC1}.Debug|x86.Build.0 = Debug|x86
		{5E9EC0FF-93A1-4F14-9447-4BF8FF0E7FC1}.Debug|x86.Deploy.0 = Debug|x86
		{5E9EC0FF-93A1-4F14-9447-4BF8FF0E7FC1}.Release|Any CPU.ActiveCfg = Release|x86
		{5E9EC0FF-93A1-4F14-9447-4BF8FF0E7FC1}.Release|Any CPU.Build.0 = Release|x86
		{5E9EC0FF-93A1-4F14-9447-4BF8FF0E7FC1}.Release|Any CPU.Deploy.0 = Release|x86
		{5E9EC0FF-93A1-4F14-9447-4BF8FF0E7FC1}.Release|ARM.ActiveCfg = Release|ARM
		{5E9EC0FF-93A1-4F14-9447-4BF8FF0E7FC1}.Release|ARM.Build.0 = Release|ARM
		{5E9EC0FF-93A1-4F14-9447-4BF8FF0E7FC1}.Release|ARM.Deploy.0 = Release|ARM
		{5E9EC0FF-93A1-4F14-9447-4BF8FF0E7FC1}.Release|iPhone.ActiveCfg = Release|x86
		{5E9EC0FF-93A1-4F14-9447-4BF8FF0E7FC1}.Release|iPhone.Build.0 = Release|x86
		{5E9EC0FF-93A1-4F14-9447-4BF8FF0E7FC1}.Release|iPhone.Deploy.0 = Release|x86
		{5E9EC0FF-93A1-4F14-9447-4BF8FF0E7FC1}.Release|iPhoneSimulator.ActiveCfg = Release|x86
		{5E9EC0FF-93A1-4F14-9447-4BF8FF0E7FC1}.Release|iPhoneSimulator.Build.0 = Release|x86
		{5E9EC0FF-93A1-4F14-9447-4BF8FF0E7FC1}.Release|iPhoneSimulator.Deploy.0 = Release|x86
		{5E9EC0FF-93A1-4F14-9447-4BF8FF0E7FC1}.Release|x64.ActiveCfg = Release|x64
		{5E9EC0FF-93A1-4F14-9447-4BF8FF0E7FC1}.Release|x64.Build.0 = Release|x64
		{5E9EC0FF-93A1-4F14-9447-4BF8FF0E7FC1}.Release|x64.Deploy.0 = Release|x64
		{5E9EC0FF-93A1-4F14-9447-4BF8FF0E7FC1}.Release|x86.ActiveCfg = Release|x86
		{5E9EC0FF-93A1-4F14-9447-4BF8FF0E7FC1}.Release|x86.Build.0 = Release|x86
		{5E9EC0FF-93A1-4F14-9447-4BF8FF0E7FC1}.Release|x86.Deploy.0 = Release|x86
		{CCDDC24B-E3D6-4EA4-BA9E-DE18A0D061D4}.Debug|Any CPU.ActiveCfg = Debug|Any CPU
		{CCDDC24B-E3D6-4EA4-BA9E-DE18A0D061D4}.Debug|Any CPU.Build.0 = Debug|Any CPU
		{CCDDC24B-E3D6-4EA4-BA9E-DE18A0D061D4}.Debug|Any CPU.Deploy.0 = Debug|Any CPU
		{CCDDC24B-E3D6-4EA4-BA9E-DE18A0D061D4}.Debug|ARM.ActiveCfg = Debug|Any CPU
		{CCDDC24B-E3D6-4EA4-BA9E-DE18A0D061D4}.Debug|ARM.Build.0 = Debug|Any CPU
		{CCDDC24B-E3D6-4EA4-BA9E-DE18A0D061D4}.Debug|ARM.Deploy.0 = Debug|Any CPU
		{CCDDC24B-E3D6-4EA4-BA9E-DE18A0D061D4}.Debug|iPhone.ActiveCfg = Debug|Any CPU
		{CCDDC24B-E3D6-4EA4-BA9E-DE18A0D061D4}.Debug|iPhone.Build.0 = Debug|Any CPU
		{CCDDC24B-E3D6-4EA4-BA9E-DE18A0D061D4}.Debug|iPhone.Deploy.0 = Debug|Any CPU
		{CCDDC24B-E3D6-4EA4-BA9E-DE18A0D061D4}.Debug|iPhoneSimulator.ActiveCfg = Debug|Any CPU
		{CCDDC24B-E3D6-4EA4-BA9E-DE18A0D061D4}.Debug|iPhoneSimulator.Build.0 = Debug|Any CPU
		{CCDDC24B-E3D6-4EA4-BA9E-DE18A0D061D4}.Debug|iPhoneSimulator.Deploy.0 = Debug|Any CPU
		{CCDDC24B-E3D6-4EA4-BA9E-DE18A0D061D4}.Debug|x64.ActiveCfg = Debug|Any CPU
		{CCDDC24B-E3D6-4EA4-BA9E-DE18A0D061D4}.Debug|x64.Build.0 = Debug|Any CPU
		{CCDDC24B-E3D6-4EA4-BA9E-DE18A0D061D4}.Debug|x64.Deploy.0 = Debug|Any CPU
		{CCDDC24B-E3D6-4EA4-BA9E-DE18A0D061D4}.Debug|x86.ActiveCfg = Debug|Any CPU
		{CCDDC24B-E3D6-4EA4-BA9E-DE18A0D061D4}.Debug|x86.Build.0 = Debug|Any CPU
		{CCDDC24B-E3D6-4EA4-BA9E-DE18A0D061D4}.Debug|x86.Deploy.0 = Debug|Any CPU
		{CCDDC24B-E3D6-4EA4-BA9E-DE18A0D061D4}.Release|Any CPU.ActiveCfg = Release|Any CPU
		{CCDDC24B-E3D6-4EA4-BA9E-DE18A0D061D4}.Release|Any CPU.Build.0 = Release|Any CPU
		{CCDDC24B-E3D6-4EA4-BA9E-DE18A0D061D4}.Release|Any CPU.Deploy.0 = Release|Any CPU
		{CCDDC24B-E3D6-4EA4-BA9E-DE18A0D061D4}.Release|ARM.ActiveCfg = Release|Any CPU
		{CCDDC24B-E3D6-4EA4-BA9E-DE18A0D061D4}.Release|ARM.Build.0 = Release|Any CPU
		{CCDDC24B-E3D6-4EA4-BA9E-DE18A0D061D4}.Release|ARM.Deploy.0 = Release|Any CPU
		{CCDDC24B-E3D6-4EA4-BA9E-DE18A0D061D4}.Release|iPhone.ActiveCfg = Release|Any CPU
		{CCDDC24B-E3D6-4EA4-BA9E-DE18A0D061D4}.Release|iPhone.Build.0 = Release|Any CPU
		{CCDDC24B-E3D6-4EA4-BA9E-DE18A0D061D4}.Release|iPhone.Deploy.0 = Release|Any CPU
		{CCDDC24B-E3D6-4EA4-BA9E-DE18A0D061D4}.Release|iPhoneSimulator.ActiveCfg = Release|Any CPU
		{CCDDC24B-E3D6-4EA4-BA9E-DE18A0D061D4}.Release|iPhoneSimulator.Build.0 = Release|Any CPU
		{CCDDC24B-E3D6-4EA4-BA9E-DE18A0D061D4}.Release|iPhoneSimulator.Deploy.0 = Release|Any CPU
		{CCDDC24B-E3D6-4EA4-BA9E-DE18A0D061D4}.Release|x64.ActiveCfg = Release|Any CPU
		{CCDDC24B-E3D6-4EA4-BA9E-DE18A0D061D4}.Release|x64.Build.0 = Release|Any CPU
		{CCDDC24B-E3D6-4EA4-BA9E-DE18A0D061D4}.Release|x64.Deploy.0 = Release|Any CPU
		{CCDDC24B-E3D6-4EA4-BA9E-DE18A0D061D4}.Release|x86.ActiveCfg = Release|Any CPU
		{CCDDC24B-E3D6-4EA4-BA9E-DE18A0D061D4}.Release|x86.Build.0 = Release|Any CPU
		{CCDDC24B-E3D6-4EA4-BA9E-DE18A0D061D4}.Release|x86.Deploy.0 = Release|Any CPU
		{AB3ED987-A7D9-4B50-983E-AD23EAAB2E9C}.Debug|Any CPU.ActiveCfg = Debug|Any CPU
		{AB3ED987-A7D9-4B50-983E-AD23EAAB2E9C}.Debug|Any CPU.Build.0 = Debug|Any CPU
		{AB3ED987-A7D9-4B50-983E-AD23EAAB2E9C}.Debug|ARM.ActiveCfg = Debug|Any CPU
		{AB3ED987-A7D9-4B50-983E-AD23EAAB2E9C}.Debug|ARM.Build.0 = Debug|Any CPU
		{AB3ED987-A7D9-4B50-983E-AD23EAAB2E9C}.Debug|iPhone.ActiveCfg = Debug|Any CPU
		{AB3ED987-A7D9-4B50-983E-AD23EAAB2E9C}.Debug|iPhone.Build.0 = Debug|Any CPU
		{AB3ED987-A7D9-4B50-983E-AD23EAAB2E9C}.Debug|iPhoneSimulator.ActiveCfg = Debug|Any CPU
		{AB3ED987-A7D9-4B50-983E-AD23EAAB2E9C}.Debug|iPhoneSimulator.Build.0 = Debug|Any CPU
		{AB3ED987-A7D9-4B50-983E-AD23EAAB2E9C}.Debug|x64.ActiveCfg = Debug|Any CPU
		{AB3ED987-A7D9-4B50-983E-AD23EAAB2E9C}.Debug|x64.Build.0 = Debug|Any CPU
		{AB3ED987-A7D9-4B50-983E-AD23EAAB2E9C}.Debug|x86.ActiveCfg = Debug|Any CPU
		{AB3ED987-A7D9-4B50-983E-AD23EAAB2E9C}.Debug|x86.Build.0 = Debug|Any CPU
		{AB3ED987-A7D9-4B50-983E-AD23EAAB2E9C}.Release|Any CPU.ActiveCfg = Release|Any CPU
		{AB3ED987-A7D9-4B50-983E-AD23EAAB2E9C}.Release|Any CPU.Build.0 = Release|Any CPU
		{AB3ED987-A7D9-4B50-983E-AD23EAAB2E9C}.Release|ARM.ActiveCfg = Release|Any CPU
		{AB3ED987-A7D9-4B50-983E-AD23EAAB2E9C}.Release|ARM.Build.0 = Release|Any CPU
		{AB3ED987-A7D9-4B50-983E-AD23EAAB2E9C}.Release|iPhone.ActiveCfg = Release|Any CPU
		{AB3ED987-A7D9-4B50-983E-AD23EAAB2E9C}.Release|iPhone.Build.0 = Release|Any CPU
		{AB3ED987-A7D9-4B50-983E-AD23EAAB2E9C}.Release|iPhoneSimulator.ActiveCfg = Release|Any CPU
		{AB3ED987-A7D9-4B50-983E-AD23EAAB2E9C}.Release|iPhoneSimulator.Build.0 = Release|Any CPU
		{AB3ED987-A7D9-4B50-983E-AD23EAAB2E9C}.Release|x64.ActiveCfg = Release|Any CPU
		{AB3ED987-A7D9-4B50-983E-AD23EAAB2E9C}.Release|x64.Build.0 = Release|Any CPU
		{AB3ED987-A7D9-4B50-983E-AD23EAAB2E9C}.Release|x86.ActiveCfg = Release|Any CPU
		{AB3ED987-A7D9-4B50-983E-AD23EAAB2E9C}.Release|x86.Build.0 = Release|Any CPU
	EndGlobalSection
	GlobalSection(SolutionProperties) = preSolution
		HideSolutionNode = FALSE
	EndGlobalSection
	GlobalSection(ExtensibilityGlobals) = postSolution
		SolutionGuid = {95550D4E-1110-4521-9643-AF491CBE9D99}
	EndGlobalSection
EndGlobal
